
Microsoft Visual Studio Solution File, Format Version 12.00
# Visual Studio Version 17
VisualStudioVersion = 17.3.32819.101
MinimumVisualStudioVersion = 10.0.40219.1
Project("{9A19103F-16F7-4668-BE54-9A1E7A4F7556}") = "BibliotacaTruco", "BibliotacaTruco\BibliotacaTruco.csproj", "{27DA1C5C-806F-43E7-BF40-6762D76161B7}"
EndProject
Project("{9A19103F-16F7-4668-BE54-9A1E7A4F7556}") = "ConsolaTruco", "ConsolaTruco\ConsolaTruco.csproj", "{92CDD423-A261-4868-BCF0-0D488A3F1B7F}"
EndProject
Project("{9A19103F-16F7-4668-BE54-9A1E7A4F7556}") = "PruebasTruco", "PruebasTruco\PruebasTruco.csproj", "{C7F02347-CCFB-4652-BCF5-C2B951DD624A}"
EndProject
Project("{FAE04EC0-301F-11D3-BF4B-00C04F79EFBC}") = "FormTruco", "FormTruco\FormTruco.csproj", "{8DDF8ABA-1A9A-4D81-8639-EA78846720C6}"
EndProject
Global
	GlobalSection(SolutionConfigurationPlatforms) = preSolution
		Debug|Any CPU = Debug|Any CPU
		Release|Any CPU = Release|Any CPU
	EndGlobalSection
	GlobalSection(ProjectConfigurationPlatforms) = postSolution
		{27DA1C5C-806F-43E7-BF40-6762D76161B7}.Debug|Any CPU.ActiveCfg = Debug|Any CPU
		{27DA1C5C-806F-43E7-BF40-6762D76161B7}.Debug|Any CPU.Build.0 = Debug|Any CPU
		{27DA1C5C-806F-43E7-BF40-6762D76161B7}.Release|Any CPU.ActiveCfg = Release|Any CPU
		{27DA1C5C-806F-43E7-BF40-6762D76161B7}.Release|Any CPU.Build.0 = Release|Any CPU
		{92CDD423-A261-4868-BCF0-0D488A3F1B7F}.Debug|Any CPU.ActiveCfg = Debug|Any CPU
		{92CDD423-A261-4868-BCF0-0D488A3F1B7F}.Debug|Any CPU.Build.0 = Debug|Any CPU
		{92CDD423-A261-4868-BCF0-0D488A3F1B7F}.Release|Any CPU.ActiveCfg = Release|Any CPU
		{92CDD423-A261-4868-BCF0-0D488A3F1B7F}.Release|Any CPU.Build.0 = Release|Any CPU
		{C7F02347-CCFB-4652-BCF5-C2B951DD624A}.Debug|Any CPU.ActiveCfg = Debug|Any CPU
		{C7F02347-CCFB-4652-BCF5-C2B951DD624A}.Debug|Any CPU.Build.0 = Debug|Any CPU
		{C7F02347-CCFB-4652-BCF5-C2B951DD624A}.Release|Any CPU.ActiveCfg = Release|Any CPU
		{C7F02347-CCFB-4652-BCF5-C2B951DD624A}.Release|Any CPU.Build.0 = Release|Any CPU
		{8DDF8ABA-1A9A-4D81-8639-EA78846720C6}.Debug|Any CPU.ActiveCfg = Debug|Any CPU
		{8DDF8ABA-1A9A-4D81-8639-EA78846720C6}.Debug|Any CPU.Build.0 = Debug|Any CPU
		{8DDF8ABA-1A9A-4D81-8639-EA78846720C6}.Release|Any CPU.ActiveCfg = Release|Any CPU
		{8DDF8ABA-1A9A-4D81-8639-EA78846720C6}.Release|Any CPU.Build.0 = Release|Any CPU
	EndGlobalSection
	GlobalSection(SolutionProperties) = preSolution
		HideSolutionNode = FALSE
	EndGlobalSection
	GlobalSection(ExtensibilityGlobals) = postSolution
		SolutionGuid = {7BAB2BAD-6FA3-4C2A-8B55-CC8364A3FAE2}
	EndGlobalSection
EndGlobal
